
Microsoft Visual Studio Solution File, Format Version 12.00
# Visual Studio Version 17
VisualStudioVersion = 17.1.32328.378
MinimumVisualStudioVersion = 10.0.40219.1
Project("{FAE04EC0-301F-11D3-BF4B-00C04F79EFBC}") = "GarageLogic", "GarageLogic\GarageLogic.csproj", "{E1B3119A-15E1-488C-A870-DD8C4170E352}"
EndProject
Project("{FAE04EC0-301F-11D3-BF4B-00C04F79EFBC}") = "ConsoleUI", "ConsoleUI\ConsoleUI.csproj", "{EAF78DEF-DC3C-4D9B-87AD-76E2FBA7DB7F}"
	ProjectSection(ProjectDependencies) = postProject
		{E1B3119A-15E1-488C-A870-DD8C4170E352} = {E1B3119A-15E1-488C-A870-DD8C4170E352}
	EndProjectSection
EndProject
Global
	GlobalSection(SolutionConfigurationPlatforms) = preSolution
		Debug|Any CPU = Debug|Any CPU
		Release|Any CPU = Release|Any CPU
	EndGlobalSection
	GlobalSection(ProjectConfigurationPlatforms) = postSolution
		{E1B3119A-15E1-488C-A870-DD8C4170E352}.Debug|Any CPU.ActiveCfg = Debug|Any CPU
		{E1B3119A-15E1-488C-A870-DD8C4170E352}.Debug|Any CPU.Build.0 = Debug|Any CPU
		{E1B3119A-15E1-488C-A870-DD8C4170E352}.Release|Any CPU.ActiveCfg = Release|Any CPU
		{E1B3119A-15E1-488C-A870-DD8C4170E352}.Release|Any CPU.Build.0 = Release|Any CPU
		{EAF78DEF-DC3C-4D9B-87AD-76E2FBA7DB7F}.Debug|Any CPU.ActiveCfg = Debug|Any CPU
		{EAF78DEF-DC3C-4D9B-87AD-76E2FBA7DB7F}.Debug|Any CPU.Build.0 = Debug|Any CPU
		{EAF78DEF-DC3C-4D9B-87AD-76E2FBA7DB7F}.Release|Any CPU.ActiveCfg = Release|Any CPU
		{EAF78DEF-DC3C-4D9B-87AD-76E2FBA7DB7F}.Release|Any CPU.Build.0 = Release|Any CPU
	EndGlobalSection
	GlobalSection(SolutionProperties) = preSolution
		HideSolutionNode = FALSE
	EndGlobalSection
	GlobalSection(ExtensibilityGlobals) = postSolution
		SolutionGuid = {00A51EC1-9427-4382-A6AF-65440F1ED8E9}
	EndGlobalSection
EndGlobal
